PODS:
  - Alamofire (3.4.1)
  - Realm (1.0.1):
    - Realm/Headers (= 1.0.1)
  - Realm/Headers (1.0.1)
  - RealmSwift (1.0.1):
    - Realm (= 1.0.1)
  - SwiftyDropbox (3.0.0):
    - Alamofire (~> 3.1)
  - SwiftyJSON (2.3.2)

DEPENDENCIES:
  - RealmSwift (~> 1.0.1)
  - SwiftyDropbox (~> 3.0.0)
  - SwiftyJSON (~> 2.3)

SPEC CHECKSUMS:
  Alamofire: 01a82e2f6c0f860ade35534c8dd88be61bdef40c
  Realm: 2e15e39d35b08abb529e212ed5d8af107b5236c8
  RealmSwift: d73ea2af08c3676dbdd5e4b669651a0f492162a4
  SwiftyDropbox: e0d4aa3166082ec07ed942e94edb8c732b3376e4
  SwiftyJSON: 04ccea08915aa0109039157c7974cf0298da292a

PODFILE CHECKSUM: f063086f2c8f69b3d4402d874eec049b150210c0

COCOAPODS: 1.0.1
